
Microsoft Visual Studio Solution File, Format Version 12.00
# Visual Studio Version 16
VisualStudioVersion = 16.0.32901.82
MinimumVisualStudioVersion = 10.0.40219.1
Project("{FAE04EC0-301F-11D3-BF4B-00C04F79EFBC}") = "Web", "Web\Web.csproj", "{F0F11325-64A1-48C1-9181-24A516599EAC}"
EndProject
Global
	GlobalSection(SolutionConfigurationPlatforms) = preSolution
		Debug|Any CPU = Debug|Any CPU
		Release|Any CPU = Release|Any CPU
	EndGlobalSection
	GlobalSection(ProjectConfigurationPlatforms) = postSolution
		{F0F11325-64A1-48C1-9181-24A516599EAC}.Debug|Any CPU.ActiveCfg = Debug|Any CPU
		{F0F11325-64A1-48C1-9181-24A516599EAC}.Debug|Any CPU.Build.0 = Debug|Any CPU
		{F0F11325-64A1-48C1-9181-24A516599EAC}.Release|Any CPU.ActiveCfg = Release|Any CPU
		{F0F11325-64A1-48C1-9181-24A516599EAC}.Release|Any CPU.Build.0 = Release|Any CPU
	EndGlobalSection
	GlobalSection(SolutionProperties) = preSolution
		HideSolutionNode = FALSE
	EndGlobalSection
	GlobalSection(ExtensibilityGlobals) = postSolution
		SolutionGuid = {C772C5E2-DBBF-4903-BE7F-1F30D5219A2D}
	EndGlobalSection
EndGlobal
