
Microsoft Visual Studio Solution File, Format Version 12.00
# Visual Studio Version 16
VisualStudioVersion = 16.0.32901.82
MinimumVisualStudioVersion = 10.0.40219.1
Project("{FAE04EC0-301F-11D3-BF4B-00C04F79EFBC}") = "Telegram_bot", "Telegram_bot\Telegram_bot.csproj", "{841847CE-8E93-4245-98D6-DC0E66990762}"
EndProject
Global
	GlobalSection(SolutionConfigurationPlatforms) = preSolution
		Debug|Any CPU = Debug|Any CPU
		Release|Any CPU = Release|Any CPU
	EndGlobalSection
	GlobalSection(ProjectConfigurationPlatforms) = postSolution
		{841847CE-8E93-4245-98D6-DC0E66990762}.Debug|Any CPU.ActiveCfg = Debug|Any CPU
		{841847CE-8E93-4245-98D6-DC0E66990762}.Debug|Any CPU.Build.0 = Debug|Any CPU
		{841847CE-8E93-4245-98D6-DC0E66990762}.Release|Any CPU.ActiveCfg = Release|Any CPU
		{841847CE-8E93-4245-98D6-DC0E66990762}.Release|Any CPU.Build.0 = Release|Any CPU
	EndGlobalSection
	GlobalSection(SolutionProperties) = preSolution
		HideSolutionNode = FALSE
	EndGlobalSection
	GlobalSection(ExtensibilityGlobals) = postSolution
		SolutionGuid = {6B3BE8B4-499C-4C8B-9DCE-B49E76DD2F40}
	EndGlobalSection
EndGlobal
